
Microsoft Visual Studio Solution File, Format Version 12.00
# Visual Studio Version 17
VisualStudioVersion = 17.1.32210.238
MinimumVisualStudioVersion = 10.0.40219.1
Project("{9A19103F-16F7-4668-BE54-9A1E7A4F7556}") = "BlackJack", "BlackJack\BlackJack.csproj", "{F3082D9E-CB93-4D4C-880F-692A1CE405BA}"
EndProject
Global
	GlobalSection(SolutionConfigurationPlatforms) = preSolution
		Debug|Any CPU = Debug|Any CPU
		Release|Any CPU = Release|Any CPU
	EndGlobalSection
	GlobalSection(ProjectConfigurationPlatforms) = postSolution
		{F3082D9E-CB93-4D4C-880F-692A1CE405BA}.Debug|Any CPU.ActiveCfg = Debug|Any CPU
		{F3082D9E-CB93-4D4C-880F-692A1CE405BA}.Debug|Any CPU.Build.0 = Debug|Any CPU
		{F3082D9E-CB93-4D4C-880F-692A1CE405BA}.Release|Any CPU.ActiveCfg = Release|Any CPU
		{F3082D9E-CB93-4D4C-880F-692A1CE405BA}.Release|Any CPU.Build.0 = Release|Any CPU
	EndGlobalSection
	GlobalSection(SolutionProperties) = preSolution
		HideSolutionNode = FALSE
	EndGlobalSection
	GlobalSection(ExtensibilityGlobals) = postSolution
		SolutionGuid = {D4E1C37F-22D9-461B-A6E6-3C4C7250B1C8}
	EndGlobalSection
EndGlobal
